
Microsoft Visual Studio Solution File, Format Version 12.00
# Visual Studio Version 16
VisualStudioVersion = 16.0.31112.23
MinimumVisualStudioVersion = 10.0.40219.1
Project("{FAE04EC0-301F-11D3-BF4B-00C04F79EFBC}") = "SuperMarketManager", "SuperMarketManager\SuperMarketManager.csproj", "{808C1BBE-9991-46D2-AB54-7AEDBE3259C5}"
EndProject
Global
	GlobalSection(SolutionConfigurationPlatforms) = preSolution
		Debug|Any CPU = Debug|Any CPU
		Release|Any CPU = Release|Any CPU
	EndGlobalSection
	GlobalSection(ProjectConfigurationPlatforms) = postSolution
		{808C1BBE-9991-46D2-AB54-7AEDBE3259C5}.Debug|Any CPU.ActiveCfg = Debug|Any CPU
		{808C1BBE-9991-46D2-AB54-7AEDBE3259C5}.Debug|Any CPU.Build.0 = Debug|Any CPU
		{808C1BBE-9991-46D2-AB54-7AEDBE3259C5}.Release|Any CPU.ActiveCfg = Release|Any CPU
		{808C1BBE-9991-46D2-AB54-7AEDBE3259C5}.Release|Any CPU.Build.0 = Release|Any CPU
	EndGlobalSection
	GlobalSection(SolutionProperties) = preSolution
		HideSolutionNode = FALSE
	EndGlobalSection
	GlobalSection(ExtensibilityGlobals) = postSolution
		SolutionGuid = {3CE5FF70-117B-4F9F-9DB7-A820D4031785}
	EndGlobalSection
EndGlobal
